// !$*UTF8*$!
{
	archiveVersion = 1;
	classes = {
	};
	objectVersion = 50;
	objects = {

/* Begin PBXBuildFile section */
		84BECAB62818295300581422 /* AppDelegate.swift in Sources */ = {isa = PBXBuildFile; fileRef = 84BECAB52818295300581422 /* AppDelegate.swift */; };
		84BECAB82818295300581422 /* SceneDelegate.swift in Sources */ = {isa = PBXBuildFile; fileRef = 84BECAB72818295300581422 /* SceneDelegate.swift */; };
		84BECABA2818295300581422 /* ViewController.swift in Sources */ = {isa = PBXBuildFile; fileRef = 84BECAB92818295300581422 /* ViewController.swift */; };
		84BECABD2818295300581422 /* Main.storyboard in Resources */ = {isa = PBXBuildFile; fileRef = 84BECABB2818295300581422 /* Main.storyboard */; };
		84BECABF2818295500581422 /* Assets.xcassets in Resources */ = {isa = PBXBuildFile; fileRef = 84BECABE2818295500581422 /* Assets.xcassets */; };
		84BECAC22818295500581422 /* LaunchScreen.storyboard in Resources */ = {isa = PBXBuildFile; fileRef = 84BECAC02818295500581422 /* LaunchScreen.storyboard */; };
		84BECACC2819315600581422 /* ApiHandler.swift in Sources */ = {isa = PBXBuildFile; fileRef = 84BECACB2819315600581422 /* ApiHandler.swift */; };
		84BECACE2819382200581422 /* Tenor.swift in Sources */ = {isa = PBXBuildFile; fileRef = 84BECACD2819382200581422 /* Tenor.swift */; };
		BFCCB80928183F8A00CBC83B /* FaisMoiLeGufViewController.swift in Sources */ = {isa = PBXBuildFile; fileRef = BFCCB80828183F8A00CBC83B /* FaisMoiLeGufViewController.swift */; };
		BFCCB80B28183F9E00CBC83B /* TrouveMoiLeGufViewController.swift in Sources */ = {isa = PBXBuildFile; fileRef = BFCCB80A28183F9E00CBC83B /* TrouveMoiLeGufViewController.swift */; };
		BFCCB80D281A7F4900CBC83B /* CollectionViewController.swift in Sources */ = {isa = PBXBuildFile; fileRef = BFCCB80C281A7F4900CBC83B /* CollectionViewController.swift */; };
		BFCCB80F281A7F6F00CBC83B /* CollectionViewCell.swift in Sources */ = {isa = PBXBuildFile; fileRef = BFCCB80E281A7F6F00CBC83B /* CollectionViewCell.swift */; };
		BFCCB811281A81D200CBC83B /* NotationViewController.swift in Sources */ = {isa = PBXBuildFile; fileRef = BFCCB810281A81D200CBC83B /* NotationViewController.swift */; };
		BFCCB815281AC62000CBC83B /* ResultViewController.swift in Sources */ = {isa = PBXBuildFile; fileRef = BFCCB814281AC62000CBC83B /* ResultViewController.swift */; };
		DE97DCB8281AC85D009ED253 /* TextGuf.swift in Sources */ = {isa = PBXBuildFile; fileRef = DE97DCB7281AC85D009ED253 /* TextGuf.swift */; };
/* End PBXBuildFile section */

/* Begin PBXFileReference section */
		84BECAB22818295300581422 /* MakeMeGuf.app */ = {isa = PBXFileReference; explicitFileType = wrapper.application; includeInIndex = 0; path = MakeMeGuf.app; sourceTree = BUILT_PRODUCTS_DIR; };
		84BECAB52818295300581422 /* AppDelegate.swift */ = {isa = PBXFileReference; lastKnownFileType = sourcecode.swift; path = AppDelegate.swift; sourceTree = "<group>"; };
		84BECAB72818295300581422 /* SceneDelegate.swift */ = {isa = PBXFileReference; lastKnownFileType = sourcecode.swift; path = SceneDelegate.swift; sourceTree = "<group>"; };
		84BECAB92818295300581422 /* ViewController.swift */ = {isa = PBXFileReference; lastKnownFileType = sourcecode.swift; path = ViewController.swift; sourceTree = "<group>"; };
		84BECABC2818295300581422 /* Base */ = {isa = PBXFileReference; lastKnownFileType = file.storyboard; name = Base; path = Base.lproj/Main.storyboard; sourceTree = "<group>"; };
		84BECABE2818295500581422 /* Assets.xcassets */ = {isa = PBXFileReference; lastKnownFileType = folder.assetcatalog; path = Assets.xcassets; sourceTree = "<group>"; };
		84BECAC12818295500581422 /* Base */ = {isa = PBXFileReference; lastKnownFileType = file.storyboard; name = Base; path = Base.lproj/LaunchScreen.storyboard; sourceTree = "<group>"; };
		84BECAC32818295500581422 /* Info.plist */ = {isa = PBXFileReference; lastKnownFileType = text.plist.xml; path = Info.plist; sourceTree = "<group>"; };
		84BECACB2819315600581422 /* ApiHandler.swift */ = {isa = PBXFileReference; lastKnownFileType = sourcecode.swift; path = ApiHandler.swift; sourceTree = "<group>"; };
		84BECACD2819382200581422 /* Tenor.swift */ = {isa = PBXFileReference; lastKnownFileType = sourcecode.swift; path = Tenor.swift; sourceTree = "<group>"; };
		BFCCB80828183F8A00CBC83B /* FaisMoiLeGufViewController.swift */ = {isa = PBXFileReference; lastKnownFileType = sourcecode.swift; path = FaisMoiLeGufViewController.swift; sourceTree = "<group>"; };
		BFCCB80A28183F9E00CBC83B /* TrouveMoiLeGufViewController.swift */ = {isa = PBXFileReference; lastKnownFileType = sourcecode.swift; path = TrouveMoiLeGufViewController.swift; sourceTree = "<group>"; };
		BFCCB80C281A7F4900CBC83B /* CollectionViewController.swift */ = {isa = PBXFileReference; lastKnownFileType = sourcecode.swift; path = CollectionViewController.swift; sourceTree = "<group>"; };
		BFCCB80E281A7F6F00CBC83B /* CollectionViewCell.swift */ = {isa = PBXFileReference; lastKnownFileType = sourcecode.swift; path = CollectionViewCell.swift; sourceTree = "<group>"; };
		BFCCB810281A81D200CBC83B /* NotationViewController.swift */ = {isa = PBXFileReference; lastKnownFileType = sourcecode.swift; path = NotationViewController.swift; sourceTree = "<group>"; };
		BFCCB814281AC62000CBC83B /* ResultViewController.swift */ = {isa = PBXFileReference; lastKnownFileType = sourcecode.swift; path = ResultViewController.swift; sourceTree = "<group>"; };
		DE97DCB7281AC85D009ED253 /* TextGuf.swift */ = {isa = PBXFileReference; lastKnownFileType = sourcecode.swift; path = TextGuf.swift; sourceTree = "<group>"; };
/* End PBXFileReference section */

/* Begin PBXFrameworksBuildPhase section */
		84BECAAF2818295300581422 /* Frameworks */ = {
			isa = PBXFrameworksBuildPhase;
			buildActionMask = 2147483647;
			files = (
			);
			runOnlyForDeploymentPostprocessing = 0;
		};
/* End PBXFrameworksBuildPhase section */

/* Begin PBXGroup section */
		84BECAA92818295300581422 = {
			isa = PBXGroup;
			children = (
				BFCCB814281AC62000CBC83B /* ResultViewController.swift */,
				84BECAB42818295300581422 /* MakeMeGuf */,
				84BECAB32818295300581422 /* Products */,
			);
			sourceTree = "<group>";
		};
		84BECAB32818295300581422 /* Products */ = {
			isa = PBXGroup;
			children = (
				84BECAB22818295300581422 /* MakeMeGuf.app */,
			);
			name = Products;
			sourceTree = "<group>";
		};
		84BECAB42818295300581422 /* MakeMeGuf */ = {
			isa = PBXGroup;
			children = (
				84BECAB52818295300581422 /* AppDelegate.swift */,
				DE97DCB7281AC85D009ED253 /* TextGuf.swift */,
				84BECAB72818295300581422 /* SceneDelegate.swift */,
				84BECAB92818295300581422 /* ViewController.swift */,
				BFCCB80828183F8A00CBC83B /* FaisMoiLeGufViewController.swift */,
				84BECACD2819382200581422 /* Tenor.swift */,
				BFCCB80A28183F9E00CBC83B /* TrouveMoiLeGufViewController.swift */,
				84BECABB2818295300581422 /* Main.storyboard */,
				BFCCB810281A81D200CBC83B /* NotationViewController.swift */,
				BFCCB80C281A7F4900CBC83B /* CollectionViewController.swift */,
				BFCCB80E281A7F6F00CBC83B /* CollectionViewCell.swift */,
				84BECACB2819315600581422 /* ApiHandler.swift */,
				84BECABE2818295500581422 /* Assets.xcassets */,
				84BECAC02818295500581422 /* LaunchScreen.storyboard */,
				84BECAC32818295500581422 /* Info.plist */,
			);
			path = MakeMeGuf;
			sourceTree = "<group>";
		};
/* End PBXGroup section */

/* Begin PBXNativeTarget section */
		84BECAB12818295300581422 /* MakeMeGuf */ = {
			isa = PBXNativeTarget;
			buildConfigurationList = 84BECAC62818295500581422 /* Build configuration list for PBXNativeTarget "MakeMeGuf" */;
			buildPhases = (
				84BECAAE2818295300581422 /* Sources */,
				84BECAAF2818295300581422 /* Frameworks */,
				84BECAB02818295300581422 /* Resources */,
			);
			buildRules = (
			);
			dependencies = (
			);
			name = MakeMeGuf;
			productName = MakeMeGuf;
			productReference = 84BECAB22818295300581422 /* MakeMeGuf.app */;
			productType = "com.apple.product-type.application";
		};
/* End PBXNativeTarget section */

/* Begin PBXProject section */
		84BECAAA2818295300581422 /* Project object */ = {
			isa = PBXProject;
			attributes = {
				LastSwiftUpdateCheck = 1130;
				LastUpgradeCheck = 1130;
				ORGANIZATIONNAME = guf;
				TargetAttributes = {
					84BECAB12818295300581422 = {
						CreatedOnToolsVersion = 11.3.1;
					};
				};
			};
			buildConfigurationList = 84BECAAD2818295300581422 /* Build configuration list for PBXProject "MakeMeGuf" */;
			compatibilityVersion = "Xcode 9.3";
			developmentRegion = en;
			hasScannedForEncodings = 0;
			knownRegions = (
				en,
				Base,
			);
			mainGroup = 84BECAA92818295300581422;
			productRefGroup = 84BECAB32818295300581422 /* Products */;
			projectDirPath = "";
			projectRoot = "";
			targets = (
				84BECAB12818295300581422 /* MakeMeGuf */,
			);
		};
/* End PBXProject section */

/* Begin PBXResourcesBuildPhase section */
		84BECAB02818295300581422 /* Resources */ = {
			isa = PBXResourcesBuildPhase;
			buildActionMask = 2147483647;
			files = (
				84BECAC22818295500581422 /* LaunchScreen.storyboard in Resources */,
				84BECABF2818295500581422 /* Assets.xcassets in Resources */,
				84BECABD2818295300581422 /* Main.storyboard in Resources */,
			);
			runOnlyForDeploymentPostprocessing = 0;
		};
/* End PBXResourcesBuildPhase section */

/* Begin PBXSourcesBuildPhase section */
		84BECAAE2818295300581422 /* Sources */ = {
			isa = PBXSourcesBuildPhase;
			buildActionMask = 2147483647;
			files = (
				BFCCB80B28183F9E00CBC83B /* TrouveMoiLeGufViewController.swift in Sources */,
				84BECACC2819315600581422 /* ApiHandler.swift in Sources */,
				BFCCB80F281A7F6F00CBC83B /* CollectionViewCell.swift in Sources */,
				84BECABA2818295300581422 /* ViewController.swift in Sources */,
				84BECAB62818295300581422 /* AppDelegate.swift in Sources */,
				BFCCB80D281A7F4900CBC83B /* CollectionViewController.swift in Sources */,
				BFCCB811281A81D200CBC83B /* NotationViewController.swift in Sources */,
				DE97DCB8281AC85D009ED253 /* TextGuf.swift in Sources */,
				84BECACE2819382200581422 /* Tenor.swift in Sources */,
				BFCCB80928183F8A00CBC83B /* FaisMoiLeGufViewController.swift in Sources */,
				84BECAB82818295300581422 /* SceneDelegate.swift in Sources */,
				BFCCB815281AC62000CBC83B /* ResultViewController.swift in Sources */,
			);
			runOnlyForDeploymentPostprocessing = 0;
		};
/* End PBXSourcesBuildPhase section */

/* Begin PBXVariantGroup section */
		84BECABB2818295300581422 /* Main.storyboard */ = {
			isa = PBXVariantGroup;
			children = (
				84BECABC2818295300581422 /* Base */,
			);
			name = Main.storyboard;
			sourceTree = "<group>";
		};
		84BECAC02818295500581422 /* LaunchScreen.storyboard */ = {
			isa = PBXVariantGroup;
			children = (
				84BECAC12818295500581422 /* Base */,
			);
			name = LaunchScreen.storyboard;
			sourceTree = "<group>";
		};
/* End PBXVariantGroup section */

/* Begin XCBuildConfiguration section */
		84BECAC42818295500581422 /* Debug */ = {
			isa = XCBuildConfiguration;
			buildSettings = {
				ALWAYS_SEARCH_USER_PATHS = NO;
				CLANG_ANALYZER_NONNULL = YES;
				CLANG_ANALYZER_NUMBER_OBJECT_CONVERSION = YES_AGGRESSIVE;
				CLANG_CXX_LANGUAGE_STANDARD = "gnu++14";
				CLANG_CXX_LIBRARY = "libc++";
				CLANG_ENABLE_MODULES = YES;
				CLANG_ENABLE_OBJC_ARC = YES;
				CLANG_ENABLE_OBJC_WEAK = YES;
				CLANG_WARN_BLOCK_CAPTURE_AUTORELEASING = YES;
				CLANG_WARN_BOOL_CONVERSION = YES;
				CLANG_WARN_COMMA = YES;
				CLANG_WARN_CONSTANT_CONVERSION = YES;
				CLANG_WARN_DEPRECATED_OBJC_IMPLEMENTATIONS = YES;
				CLANG_WARN_DIRECT_OBJC_ISA_USAGE = YES_ERROR;
				CLANG_WARN_DOCUMENTATION_COMMENTS = YES;
				CLANG_WARN_EMPTY_BODY = YES;
				CLANG_WARN_ENUM_CONVERSION = YES;
				CLANG_WARN_INFINITE_RECURSION = YES;
				CLANG_WARN_INT_CONVERSION = YES;
				CLANG_WARN_NON_LITERAL_NULL_CONVERSION = YES;
				CLANG_WARN_OBJC_IMPLICIT_RETAIN_SELF = YES;
				CLANG_WARN_OBJC_LITERAL_CONVERSION = YES;
				CLANG_WARN_OBJC_ROOT_CLASS = YES_ERROR;
				CLANG_WARN_RANGE_LOOP_ANALYSIS = YES;
				CLANG_WARN_STRICT_PROTOTYPES = YES;
				CLANG_WARN_SUSPICIOUS_MOVE = YES;
				CLANG_WARN_UNGUARDED_AVAILABILITY = YES_AGGRESSIVE;
				CLANG_WARN_UNREACHABLE_CODE = YES;
				CLANG_WARN__DUPLICATE_METHOD_MATCH = YES;
				COPY_PHASE_STRIP = NO;
				DEBUG_INFORMATION_FORMAT = dwarf;
				ENABLE_STRICT_OBJC_MSGSEND = YES;
				ENABLE_TESTABILITY = YES;
				GCC_C_LANGUAGE_STANDARD = gnu11;
				GCC_DYNAMIC_NO_PIC = NO;
				GCC_NO_COMMON_BLOCKS = YES;
				GCC_OPTIMIZATION_LEVEL = 0;
				GCC_PREPROCESSOR_DEFINITIONS = (
					"DEBUG=1",
					"$(inherited)",
				);
				GCC_WARN_64_TO_32_BIT_CONVERSION = YES;
				GCC_WARN_ABOUT_RETURN_TYPE = YES_ERROR;
				GCC_WARN_UNDECLARED_SELECTOR = YES;
				GCC_WARN_UNINITIALIZED_AUTOS = YES_AGGRESSIVE;
				GCC_WARN_UNUSED_FUNCTION = YES;
				GCC_WARN_UNUSED_VARIABLE = YES;
				IPHONEOS_DEPLOYMENT_TARGET = 13.2;
				MTL_ENABLE_DEBUG_INFO = INCLUDE_SOURCE;
				MTL_FAST_MATH = YES;
				ONLY_ACTIVE_ARCH = YES;
				SDKROOT = iphoneos;
				SWIFT_ACTIVE_COMPILATION_CONDITIONS = DEBUG;
				SWIFT_OPTIMIZATION_LEVEL = "-Onone";
			};
			name = Debug;
		};
		84BECAC52818295500581422 /* Release */ = {
			isa = XCBuildConfiguration;
			buildSettings = {
				ALWAYS_SEARCH_USER_PATHS = NO;
				CLANG_ANALYZER_NONNULL = YES;
				CLANG_ANALYZER_NUMBER_OBJECT_CONVERSION = YES_AGGRESSIVE;
				CLANG_CXX_LANGUAGE_STANDARD = "gnu++14";
				CLANG_CXX_LIBRARY = "libc++";
				CLANG_ENABLE_MODULES = YES;
				CLANG_ENABLE_OBJC_ARC = YES;
				CLANG_ENABLE_OBJC_WEAK = YES;
				CLANG_WARN_BLOCK_CAPTURE_AUTORELEASING = YES;
				CLANG_WARN_BOOL_CONVERSION = YES;
				CLANG_WARN_COMMA = YES;
				CLANG_WARN_CONSTANT_CONVERSION = YES;
				CLANG_WARN_DEPRECATED_OBJC_IMPLEMENTATIONS = YES;
				CLANG_WARN_DIRECT_OBJC_ISA_USAGE = YES_ERROR;
				CLANG_WARN_DOCUMENTATION_COMMENTS = YES;
				CLANG_WARN_EMPTY_BODY = YES;
				CLANG_WARN_ENUM_CONVERSION = YES;
				CLANG_WARN_INFINITE_RECURSION = YES;
				CLANG_WARN_INT_CONVERSION = YES;
				CLANG_WARN_NON_LITERAL_NULL_CONVERSION = YES;
				CLANG_WARN_OBJC_IMPLICIT_RETAIN_SELF = YES;
				CLANG_WARN_OBJC_LITERAL_CONVERSION = YES;
				CLANG_WARN_OBJC_ROOT_CLASS = YES_ERROR;
				CLANG_WARN_RANGE_LOOP_ANALYSIS = YES;
				CLANG_WARN_STRICT_PROTOTYPES = YES;
				CLANG_WARN_SUSPICIOUS_MOVE = YES;
				CLANG_WARN_UNGUARDED_AVAILABILITY = YES_AGGRESSIVE;
				CLANG_WARN_UNREACHABLE_CODE = YES;
				CLANG_WARN__DUPLICATE_METHOD_MATCH = YES;
				COPY_PHASE_STRIP = NO;
				DEBUG_INFORMATION_FORMAT = "dwarf-with-dsym";
				ENABLE_NS_ASSERTIONS = NO;
				ENABLE_STRICT_OBJC_MSGSEND = YES;
				GCC_C_LANGUAGE_STANDARD = gnu11;
				GCC_NO_COMMON_BLOCKS = YES;
				GCC_WARN_64_TO_32_BIT_CONVERSION = YES;
				GCC_WARN_ABOUT_RETURN_TYPE = YES_ERROR;
				GCC_WARN_UNDECLARED_SELECTOR = YES;
				GCC_WARN_UNINITIALIZED_AUTOS = YES_AGGRESSIVE;
				GCC_WARN_UNUSED_FUNCTION = YES;
				GCC_WARN_UNUSED_VARIABLE = YES;
				IPHONEOS_DEPLOYMENT_TARGET = 13.2;
				MTL_ENABLE_DEBUG_INFO = NO;
				MTL_FAST_MATH = YES;
				SDKROOT = iphoneos;
				SWIFT_COMPILATION_MODE = wholemodule;
				SWIFT_OPTIMIZATION_LEVEL = "-O";
				VALIDATE_PRODUCT = YES;
			};
			name = Release;
		};
		84BECAC72818295500581422 /* Debug */ = {
			isa = XCBuildConfiguration;
			buildSettings = {
				ASSETCATALOG_COMPILER_APPICON_NAME = AppIcon;
				CODE_SIGN_STYLE = Automatic;
				INFOPLIST_FILE = MakeMeGuf/Info.plist;
				LD_RUNPATH_SEARCH_PATHS = (
					"$(inherited)",
					"@executable_path/Frameworks",
				);
				PRODUCT_BUNDLE_IDENTIFIER = com.coding.MakeMeGuf;
				PRODUCT_NAME = "$(TARGET_NAME)";
				SWIFT_VERSION = 5.0;
				TARGETED_DEVICE_FAMILY = 1;
			};
			name = Debug;
		};
		84BECAC82818295500581422 /* Release */ = {
			isa = XCBuildConfiguration;
			buildSettings = {
				ASSETCATALOG_COMPILER_APPICON_NAME = AppIcon;
				CODE_SIGN_STYLE = Automatic;
				INFOPLIST_FILE = MakeMeGuf/Info.plist;
				LD_RUNPATH_SEARCH_PATHS = (
					"$(inherited)",
					"@executable_path/Frameworks",
				);
				PRODUCT_BUNDLE_IDENTIFIER = com.coding.MakeMeGuf;
				PRODUCT_NAME = "$(TARGET_NAME)";
				SWIFT_VERSION = 5.0;
				TARGETED_DEVICE_FAMILY = 1;
			};
			name = Release;
		};
/* End XCBuildConfiguration section */

/* Begin XCConfigurationList section */
		84BECAAD2818295300581422 /* Build configuration list for PBXProject "MakeMeGuf" */ = {
			isa = XCConfigurationList;
			buildConfigurations = (
				84BECAC42818295500581422 /* Debug */,
				84BECAC52818295500581422 /* Release */,
			);
			defaultConfigurationIsVisible = 0;
			defaultConfigurationName = Release;
		};
		84BECAC62818295500581422 /* Build configuration list for PBXNativeTarget "MakeMeGuf" */ = {
			isa = XCConfigurationList;
			buildConfigurations = (
				84BECAC72818295500581422 /* Debug */,
				84BECAC82818295500581422 /* Release */,
			);
			defaultConfigurationIsVisible = 0;
			defaultConfigurationName = Release;
		};
/* End XCConfigurationList section */
	};
	rootObject = 84BECAAA2818295300581422 /* Project object */;
}
